{
  "name": "hmm-pt-2",
  "version": "1.0.0",
  "lockfileVersion": 2,
  "requires": true,
  "packages": {
    "": {
      "name": "hmm-pt-2",
      "version": "1.0.0",
      "license": "ISC",
      "dependencies": {
        "chart.js": "^3.9.1",
        "dayjs": "^1.11.5",
        "gocsv": "^0.1.1",
        "twemoji-parser": "^14.0.0"
      }
    },
    "node_modules/chart.js": {
      "version": "3.9.1",
      "resolved": "https://registry.npmjs.org/chart.js/-/chart.js-3.9.1.tgz",
      "integrity": "sha512-Ro2JbLmvg83gXF5F4sniaQ+lTbSv18E+TIf2cOeiH1Iqd2PGFOtem+DUufMZsCJwFE7ywPOpfXFBwRTGq7dh6w=="
    },
    "node_modules/dayjs": {
      "version": "1.11.5",
      "resolved": "https://registry.npmjs.org/dayjs/-/dayjs-1.11.5.tgz",
      "integrity": "sha512-CAdX5Q3YW3Gclyo5Vpqkgpj8fSdLQcRuzfX6mC6Phy0nfJ0eGYOeS7m4mt2plDWLAtA4TqTakvbboHvUxfe4iA=="
    },
    "node_modules/gocsv": {
      "version": "0.1.1",
      "resolved": "https://registry.npmjs.org/gocsv/-/gocsv-0.1.1.tgz",
      "integrity": "sha512-XV3S/aSGHg9b1j6AfL7NSYqIaZVA0bk60iBwVuI4yJUyvKRxgLY3qN60QGqrvgUY8+K3ePZ3nXnLWvTCLDHhNQ==",
      "engines": {
        "node": ">=6.0.0"
      }
    },
    "node_modules/twemoji-parser": {
      "version": "14.0.0",
      "resolved": "https://registry.npmjs.org/twemoji-parser/-/twemoji-parser-14.0.0.tgz",
      "integrity": "sha512-9DUOTGLOWs0pFWnh1p6NF+C3CkQ96PWmEFwhOVmT3WbecRC+68AIqpsnJXygfkFcp4aXbOp8Dwbhh/HQgvoRxA=="
    }
  },
  "dependencies": {
    "chart.js": {
      "version": "3.9.1",
      "resolved": "https://registry.npmjs.org/chart.js/-/chart.js-3.9.1.tgz",
      "integrity": "sha512-Ro2JbLmvg83gXF5F4sniaQ+lTbSv18E+TIf2cOeiH1Iqd2PGFOtem+DUufMZsCJwFE7ywPOpfXFBwRTGq7dh6w=="
    },
    "dayjs": {
      "version": "1.11.5",
      "resolved": "https://registry.npmjs.org/dayjs/-/dayjs-1.11.5.tgz",
      "integrity": "sha512-CAdX5Q3YW3Gclyo5Vpqkgpj8fSdLQcRuzfX6mC6Phy0nfJ0eGYOeS7m4mt2plDWLAtA4TqTakvbboHvUxfe4iA=="
    },
    "gocsv": {
      "version": "0.1.1",
      "resolved": "https://registry.npmjs.org/gocsv/-/gocsv-0.1.1.tgz",
      "integrity": "sha512-XV3S/aSGHg9b1j6AfL7NSYqIaZVA0bk60iBwVuI4yJUyvKRxgLY3qN60QGqrvgUY8+K3ePZ3nXnLWvTCLDHhNQ=="
    },
    "twemoji-parser": {
      "version": "14.0.0",
      "resolved": "https://registry.npmjs.org/twemoji-parser/-/twemoji-parser-14.0.0.tgz",
      "integrity": "sha512-9DUOTGLOWs0pFWnh1p6NF+C3CkQ96PWmEFwhOVmT3WbecRC+68AIqpsnJXygfkFcp4aXbOp8Dwbhh/HQgvoRxA=="
    }
  }
}
